
Microsoft Visual Studio Solution File, Format Version 12.00
# Visual Studio Version 16
VisualStudioVersion = 16.0.31605.320
MinimumVisualStudioVersion = 10.0.40219.1
Project("{2150E333-8FDC-42A3-9474-1A3956D46DE8}") = "src", "src", "{08DE1167-45DD-44D5-8B00-8B2B3CF535A6}"
EndProject
Project("{2150E333-8FDC-42A3-9474-1A3956D46DE8}") = "tests", "tests", "{B7B1393E-228A-402C-8561-3078431D2AFD}"
EndProject
Project("{9A19103F-16F7-4668-BE54-9A1E7A4F7556}") = "ApplicationCore", "src\ApplicationCore\ApplicationCore.csproj", "{2AE26A8E-0894-4DB2-B55E-A50B465DB798}"
EndProject
Project("{9A19103F-16F7-4668-BE54-9A1E7A4F7556}") = "Infrastructure", "src\Infrastructure\Infrastructure.csproj", "{01D8C891-77E4-4E24-969C-D23DADE19FBF}"
EndProject
Project("{9A19103F-16F7-4668-BE54-9A1E7A4F7556}") = "UnitTests", "tests\UnitTests\UnitTests.csproj", "{9A834DC0-C9AF-4E17-9BE8-8274A1A66C16}"
EndProject
Project("{2150E333-8FDC-42A3-9474-1A3956D46DE8}") = "Solution Items", "Solution Items", "{9C6807AE-020D-4D81-985E-1D312D903667}"
	ProjectSection(SolutionItems) = preProject
		README.md = README.md
	EndProjectSection
EndProject
Project("{FAE04EC0-301F-11D3-BF4B-00C04F79EFBC}") = "Web", "src\Web\Web.csproj", "{70A35879-6FA0-4EAE-B9E6-199848731E5E}"
EndProject
Global
	GlobalSection(SolutionConfigurationPlatforms) = preSolution
		Debug|Any CPU = Debug|Any CPU
		Release|Any CPU = Release|Any CPU
	EndGlobalSection
	GlobalSection(ProjectConfigurationPlatforms) = postSolution
		{2AE26A8E-0894-4DB2-B55E-A50B465DB798}.Debug|Any CPU.ActiveCfg = Debug|Any CPU
		{2AE26A8E-0894-4DB2-B55E-A50B465DB798}.Debug|Any CPU.Build.0 = Debug|Any CPU
		{2AE26A8E-0894-4DB2-B55E-A50B465DB798}.Release|Any CPU.ActiveCfg = Release|Any CPU
		{2AE26A8E-0894-4DB2-B55E-A50B465DB798}.Release|Any CPU.Build.0 = Release|Any CPU
		{01D8C891-77E4-4E24-969C-D23DADE19FBF}.Debug|Any CPU.ActiveCfg = Debug|Any CPU
		{01D8C891-77E4-4E24-969C-D23DADE19FBF}.Debug|Any CPU.Build.0 = Debug|Any CPU
		{01D8C891-77E4-4E24-969C-D23DADE19FBF}.Release|Any CPU.ActiveCfg = Release|Any CPU
		{01D8C891-77E4-4E24-969C-D23DADE19FBF}.Release|Any CPU.Build.0 = Release|Any CPU
		{9A834DC0-C9AF-4E17-9BE8-8274A1A66C16}.Debug|Any CPU.ActiveCfg = Debug|Any CPU
		{9A834DC0-C9AF-4E17-9BE8-8274A1A66C16}.Debug|Any CPU.Build.0 = Debug|Any CPU
		{9A834DC0-C9AF-4E17-9BE8-8274A1A66C16}.Release|Any CPU.ActiveCfg = Release|Any CPU
		{9A834DC0-C9AF-4E17-9BE8-8274A1A66C16}.Release|Any CPU.Build.0 = Release|Any CPU
		{70A35879-6FA0-4EAE-B9E6-199848731E5E}.Debug|Any CPU.ActiveCfg = Debug|Any CPU
		{70A35879-6FA0-4EAE-B9E6-199848731E5E}.Debug|Any CPU.Build.0 = Debug|Any CPU
		{70A35879-6FA0-4EAE-B9E6-199848731E5E}.Release|Any CPU.ActiveCfg = Release|Any CPU
		{70A35879-6FA0-4EAE-B9E6-199848731E5E}.Release|Any CPU.Build.0 = Release|Any CPU
	EndGlobalSection
	GlobalSection(SolutionProperties) = preSolution
		HideSolutionNode = FALSE
	EndGlobalSection
	GlobalSection(NestedProjects) = preSolution
		{2AE26A8E-0894-4DB2-B55E-A50B465DB798} = {08DE1167-45DD-44D5-8B00-8B2B3CF535A6}
		{01D8C891-77E4-4E24-969C-D23DADE19FBF} = {08DE1167-45DD-44D5-8B00-8B2B3CF535A6}
		{9A834DC0-C9AF-4E17-9BE8-8274A1A66C16} = {B7B1393E-228A-402C-8561-3078431D2AFD}
		{70A35879-6FA0-4EAE-B9E6-199848731E5E} = {08DE1167-45DD-44D5-8B00-8B2B3CF535A6}
	EndGlobalSection
	GlobalSection(ExtensibilityGlobals) = postSolution
		SolutionGuid = {BA328F4F-8748-49CB-BB57-8284924D06E1}
	EndGlobalSection
EndGlobal
